
Microsoft Visual Studio Solution File, Format Version 12.00
# Visual Studio Version 16
VisualStudioVersion = 16.0.31729.503
MinimumVisualStudioVersion = 10.0.40219.1
Project("{FAE04EC0-301F-11D3-BF4B-00C04F79EFBC}") = "SchoolEntities", "SchoolEntities\SchoolEntities.csproj", "{06D306BA-03BB-42A3-B9E5-B4A41FDFFB22}"
EndProject
Project("{FAE04EC0-301F-11D3-BF4B-00C04F79EFBC}") = "SchoolDAL", "SchoolDAL\SchoolDAL.csproj", "{442865BB-D509-42AE-9C06-D02B207AC9F6}"
EndProject
Project("{FAE04EC0-301F-11D3-BF4B-00C04F79EFBC}") = "SchoolBLL", "SchoolBLL\SchoolBLL.csproj", "{2C09E863-15BD-409E-8157-97A7D005AE7A}"
EndProject
Project("{FAE04EC0-301F-11D3-BF4B-00C04F79EFBC}") = "SchoolWEB", "SchoolWEB\SchoolWEB.csproj", "{EB475BAE-554B-4EA9-8008-73069E1EA7AA}"
EndProject
Global
	GlobalSection(SolutionConfigurationPlatforms) = preSolution
		Debug|Any CPU = Debug|Any CPU
		Release|Any CPU = Release|Any CPU
	EndGlobalSection
	GlobalSection(ProjectConfigurationPlatforms) = postSolution
		{06D306BA-03BB-42A3-B9E5-B4A41FDFFB22}.Debug|Any CPU.ActiveCfg = Debug|Any CPU
		{06D306BA-03BB-42A3-B9E5-B4A41FDFFB22}.Debug|Any CPU.Build.0 = Debug|Any CPU
		{06D306BA-03BB-42A3-B9E5-B4A41FDFFB22}.Release|Any CPU.ActiveCfg = Release|Any CPU
		{06D306BA-03BB-42A3-B9E5-B4A41FDFFB22}.Release|Any CPU.Build.0 = Release|Any CPU
		{442865BB-D509-42AE-9C06-D02B207AC9F6}.Debug|Any CPU.ActiveCfg = Debug|Any CPU
		{442865BB-D509-42AE-9C06-D02B207AC9F6}.Debug|Any CPU.Build.0 = Debug|Any CPU
		{442865BB-D509-42AE-9C06-D02B207AC9F6}.Release|Any CPU.ActiveCfg = Release|Any CPU
		{442865BB-D509-42AE-9C06-D02B207AC9F6}.Release|Any CPU.Build.0 = Release|Any CPU
		{2C09E863-15BD-409E-8157-97A7D005AE7A}.Debug|Any CPU.ActiveCfg = Debug|Any CPU
		{2C09E863-15BD-409E-8157-97A7D005AE7A}.Debug|Any CPU.Build.0 = Debug|Any CPU
		{2C09E863-15BD-409E-8157-97A7D005AE7A}.Release|Any CPU.ActiveCfg = Release|Any CPU
		{2C09E863-15BD-409E-8157-97A7D005AE7A}.Release|Any CPU.Build.0 = Release|Any CPU
		{EB475BAE-554B-4EA9-8008-73069E1EA7AA}.Debug|Any CPU.ActiveCfg = Debug|Any CPU
		{EB475BAE-554B-4EA9-8008-73069E1EA7AA}.Debug|Any CPU.Build.0 = Debug|Any CPU
		{EB475BAE-554B-4EA9-8008-73069E1EA7AA}.Release|Any CPU.ActiveCfg = Release|Any CPU
		{EB475BAE-554B-4EA9-8008-73069E1EA7AA}.Release|Any CPU.Build.0 = Release|Any CPU
	EndGlobalSection
	GlobalSection(SolutionProperties) = preSolution
		HideSolutionNode = FALSE
	EndGlobalSection
	GlobalSection(ExtensibilityGlobals) = postSolution
		SolutionGuid = {C228F7C5-13B2-42C1-97CD-203B807CC234}
	EndGlobalSection
EndGlobal
