
Microsoft Visual Studio Solution File, Format Version 12.00
# Visual Studio Version 16
VisualStudioVersion = 16.0.31729.503
MinimumVisualStudioVersion = 10.0.40219.1
Project("{FAE04EC0-301F-11D3-BF4B-00C04F79EFBC}") = "Lab11-A", "Lab11-A\Lab11-A.csproj", "{DC62865D-ADAF-4CAF-B7F1-67BAD71BA7ED}"
EndProject
Global
	GlobalSection(SolutionConfigurationPlatforms) = preSolution
		Debug|Any CPU = Debug|Any CPU
		Release|Any CPU = Release|Any CPU
	EndGlobalSection
	GlobalSection(ProjectConfigurationPlatforms) = postSolution
		{DC62865D-ADAF-4CAF-B7F1-67BAD71BA7ED}.Debug|Any CPU.ActiveCfg = Debug|Any CPU
		{DC62865D-ADAF-4CAF-B7F1-67BAD71BA7ED}.Debug|Any CPU.Build.0 = Debug|Any CPU
		{DC62865D-ADAF-4CAF-B7F1-67BAD71BA7ED}.Release|Any CPU.ActiveCfg = Release|Any CPU
		{DC62865D-ADAF-4CAF-B7F1-67BAD71BA7ED}.Release|Any CPU.Build.0 = Release|Any CPU
	EndGlobalSection
	GlobalSection(SolutionProperties) = preSolution
		HideSolutionNode = FALSE
	EndGlobalSection
	GlobalSection(ExtensibilityGlobals) = postSolution
		SolutionGuid = {4482ECFD-5366-41D5-9E27-4120410E78FA}
	EndGlobalSection
EndGlobal
