
Microsoft Visual Studio Solution File, Format Version 12.00
# Visual Studio Version 16
VisualStudioVersion = 16.0.31729.503
MinimumVisualStudioVersion = 10.0.40219.1
Project("{FAE04EC0-301F-11D3-BF4B-00C04F79EFBC}") = "Lab-09", "Lab-09\Lab-09.csproj", "{526CD19C-3E07-4B59-93C0-1CB1FE32E51F}"
EndProject
Global
	GlobalSection(SolutionConfigurationPlatforms) = preSolution
		Debug|Any CPU = Debug|Any CPU
		Release|Any CPU = Release|Any CPU
	EndGlobalSection
	GlobalSection(ProjectConfigurationPlatforms) = postSolution
		{526CD19C-3E07-4B59-93C0-1CB1FE32E51F}.Debug|Any CPU.ActiveCfg = Debug|Any CPU
		{526CD19C-3E07-4B59-93C0-1CB1FE32E51F}.Debug|Any CPU.Build.0 = Debug|Any CPU
		{526CD19C-3E07-4B59-93C0-1CB1FE32E51F}.Release|Any CPU.ActiveCfg = Release|Any CPU
		{526CD19C-3E07-4B59-93C0-1CB1FE32E51F}.Release|Any CPU.Build.0 = Release|Any CPU
	EndGlobalSection
	GlobalSection(SolutionProperties) = preSolution
		HideSolutionNode = FALSE
	EndGlobalSection
	GlobalSection(ExtensibilityGlobals) = postSolution
		SolutionGuid = {97E55A5A-92E2-4479-A4FD-4FCDF6CFEFE2}
	EndGlobalSection
EndGlobal
