
Microsoft Visual Studio Solution File, Format Version 12.00
# Visual Studio Version 16
VisualStudioVersion = 16.0.31729.503
MinimumVisualStudioVersion = 10.0.40219.1
Project("{FAE04EC0-301F-11D3-BF4B-00C04F79EFBC}") = "Lab13", "Lab13\Lab13.csproj", "{2834E35B-9949-4121-B2DB-A19AFD2DFEEF}"
EndProject
Global
	GlobalSection(SolutionConfigurationPlatforms) = preSolution
		Debug|Any CPU = Debug|Any CPU
		Release|Any CPU = Release|Any CPU
	EndGlobalSection
	GlobalSection(ProjectConfigurationPlatforms) = postSolution
		{2834E35B-9949-4121-B2DB-A19AFD2DFEEF}.Debug|Any CPU.ActiveCfg = Debug|Any CPU
		{2834E35B-9949-4121-B2DB-A19AFD2DFEEF}.Debug|Any CPU.Build.0 = Debug|Any CPU
		{2834E35B-9949-4121-B2DB-A19AFD2DFEEF}.Release|Any CPU.ActiveCfg = Release|Any CPU
		{2834E35B-9949-4121-B2DB-A19AFD2DFEEF}.Release|Any CPU.Build.0 = Release|Any CPU
	EndGlobalSection
	GlobalSection(SolutionProperties) = preSolution
		HideSolutionNode = FALSE
	EndGlobalSection
	GlobalSection(ExtensibilityGlobals) = postSolution
		SolutionGuid = {5C3C8953-FF05-4610-8F36-432471E774A6}
	EndGlobalSection
EndGlobal
