
Microsoft Visual Studio Solution File, Format Version 12.00
# Visual Studio Version 16
VisualStudioVersion = 16.0.31613.86
MinimumVisualStudioVersion = 10.0.40219.1
Project("{FAE04EC0-301F-11D3-BF4B-00C04F79EFBC}") = "prjLab01-2", "prjLab01-2\prjLab01-2.csproj", "{C2F7E7C9-2BB1-4835-9D96-8BED546F8ED1}"
EndProject
Global
	GlobalSection(SolutionConfigurationPlatforms) = preSolution
		Debug|Any CPU = Debug|Any CPU
		Release|Any CPU = Release|Any CPU
	EndGlobalSection
	GlobalSection(ProjectConfigurationPlatforms) = postSolution
		{C2F7E7C9-2BB1-4835-9D96-8BED546F8ED1}.Debug|Any CPU.ActiveCfg = Debug|Any CPU
		{C2F7E7C9-2BB1-4835-9D96-8BED546F8ED1}.Debug|Any CPU.Build.0 = Debug|Any CPU
		{C2F7E7C9-2BB1-4835-9D96-8BED546F8ED1}.Release|Any CPU.ActiveCfg = Release|Any CPU
		{C2F7E7C9-2BB1-4835-9D96-8BED546F8ED1}.Release|Any CPU.Build.0 = Release|Any CPU
	EndGlobalSection
	GlobalSection(SolutionProperties) = preSolution
		HideSolutionNode = FALSE
	EndGlobalSection
	GlobalSection(ExtensibilityGlobals) = postSolution
		SolutionGuid = {490C4595-E866-4CC1-B0C4-BB8C97AB6DDD}
	EndGlobalSection
EndGlobal
